
Microsoft Visual Studio Solution File, Format Version 12.00
# Visual Studio Version 17
VisualStudioVersion = 17.8.34511.84
MinimumVisualStudioVersion = 10.0.40219.1
Project("{8BC9CEB8-8B4A-11D0-8D11-00A0C91BC942}") = "assignment3", "assignment3.vcxproj", "{6B41237E-B63E-495E-A952-453CD5607E3D}"
EndProject
Global
	GlobalSection(SolutionConfigurationPlatforms) = preSolution
		Debug|x64 = Debug|x64
		Debug|x86 = Debug|x86
		Release|x64 = Release|x64
		Release|x86 = Release|x86
	EndGlobalSection
	GlobalSection(ProjectConfigurationPlatforms) = postSolution
		{6B41237E-B63E-495E-A952-453CD5607E3D}.Debug|x64.ActiveCfg = Debug|x64
		{6B41237E-B63E-495E-A952-453CD5607E3D}.Debug|x64.Build.0 = Debug|x64
		{6B41237E-B63E-495E-A952-453CD5607E3D}.Debug|x86.ActiveCfg = Debug|Win32
		{6B41237E-B63E-495E-A952-453CD5607E3D}.Debug|x86.Build.0 = Debug|Win32
		{6B41237E-B63E-495E-A952-453CD5607E3D}.Release|x64.ActiveCfg = Release|x64
		{6B41237E-B63E-495E-A952-453CD5607E3D}.Release|x64.Build.0 = Release|x64
		{6B41237E-B63E-495E-A952-453CD5607E3D}.Release|x86.ActiveCfg = Release|Win32
		{6B41237E-B63E-495E-A952-453CD5607E3D}.Release|x86.Build.0 = Release|Win32
	EndGlobalSection
	GlobalSection(SolutionProperties) = preSolution
		HideSolutionNode = FALSE
	EndGlobalSection
	GlobalSection(ExtensibilityGlobals) = postSolution
		SolutionGuid = {E976CCA5-2DC1-4CB0-A7C8-F0D0D528343D}
	EndGlobalSection
EndGlobal
